
Microsoft Visual Studio Solution File, Format Version 12.00
# Visual Studio 15
Project("{FAE04EC0-301F-11D3-BF4B-00C04F79EFBC}") = "SteamVR", "SteamVR.csproj", "{EBED36A7-A23A-B7CD-98FD-B704CAFB50D3}"
EndProject
Project("{FAE04EC0-301F-11D3-BF4B-00C04F79EFBC}") = "Assembly-CSharp", "Assembly-CSharp.csproj", "{8C28BB4B-0817-F1DC-950E-B8BA5A26F9C2}"
EndProject
Project("{FAE04EC0-301F-11D3-BF4B-00C04F79EFBC}") = "SteamVR_Actions", "SteamVR_Actions.csproj", "{71F542D1-5B0F-281C-3870-5B29A984F121}"
EndProject
Project("{FAE04EC0-301F-11D3-BF4B-00C04F79EFBC}") = "SteamVR_Editor", "SteamVR_Editor.csproj", "{9724A94E-5DF8-FE54-62A6-C67A0BC31553}"
EndProject
Project("{FAE04EC0-301F-11D3-BF4B-00C04F79EFBC}") = "SteamVR_Input_Editor", "SteamVR_Input_Editor.csproj", "{01384A67-599A-84E9-8B4C-1610D147B4A3}"
EndProject
Project("{FAE04EC0-301F-11D3-BF4B-00C04F79EFBC}") = "SteamVR_Windows_EditorHelper", "SteamVR_Windows_EditorHelper.csproj", "{DB3DA7D2-B1B5-7D5B-5FA1-A50893E4663A}"
EndProject
Global
	GlobalSection(SolutionConfigurationPlatforms) = preSolution
		Debug|Any CPU = Debug|Any CPU
		Release|Any CPU = Release|Any CPU
	EndGlobalSection
	GlobalSection(ProjectConfigurationPlatforms) = postSolution
		{EBED36A7-A23A-B7CD-98FD-B704CAFB50D3}.Debug|Any CPU.ActiveCfg = Debug|Any CPU
		{EBED36A7-A23A-B7CD-98FD-B704CAFB50D3}.Debug|Any CPU.Build.0 = Debug|Any CPU
		{EBED36A7-A23A-B7CD-98FD-B704CAFB50D3}.Release|Any CPU.ActiveCfg = Release|Any CPU
		{EBED36A7-A23A-B7CD-98FD-B704CAFB50D3}.Release|Any CPU.Build.0 = Release|Any CPU
		{8C28BB4B-0817-F1DC-950E-B8BA5A26F9C2}.Debug|Any CPU.ActiveCfg = Debug|Any CPU
		{8C28BB4B-0817-F1DC-950E-B8BA5A26F9C2}.Debug|Any CPU.Build.0 = Debug|Any CPU
		{8C28BB4B-0817-F1DC-950E-B8BA5A26F9C2}.Release|Any CPU.ActiveCfg = Release|Any CPU
		{8C28BB4B-0817-F1DC-950E-B8BA5A26F9C2}.Release|Any CPU.Build.0 = Release|Any CPU
		{71F542D1-5B0F-281C-3870-5B29A984F121}.Debug|Any CPU.ActiveCfg = Debug|Any CPU
		{71F542D1-5B0F-281C-3870-5B29A984F121}.Debug|Any CPU.Build.0 = Debug|Any CPU
		{71F542D1-5B0F-281C-3870-5B29A984F121}.Release|Any CPU.ActiveCfg = Release|Any CPU
		{71F542D1-5B0F-281C-3870-5B29A984F121}.Release|Any CPU.Build.0 = Release|Any CPU
		{9724A94E-5DF8-FE54-62A6-C67A0BC31553}.Debug|Any CPU.ActiveCfg = Debug|Any CPU
		{9724A94E-5DF8-FE54-62A6-C67A0BC31553}.Debug|Any CPU.Build.0 = Debug|Any CPU
		{9724A94E-5DF8-FE54-62A6-C67A0BC31553}.Release|Any CPU.ActiveCfg = Release|Any CPU
		{9724A94E-5DF8-FE54-62A6-C67A0BC31553}.Release|Any CPU.Build.0 = Release|Any CPU
		{01384A67-599A-84E9-8B4C-1610D147B4A3}.Debug|Any CPU.ActiveCfg = Debug|Any CPU
		{01384A67-599A-84E9-8B4C-1610D147B4A3}.Debug|Any CPU.Build.0 = Debug|Any CPU
		{01384A67-599A-84E9-8B4C-1610D147B4A3}.Release|Any CPU.ActiveCfg = Release|Any CPU
		{01384A67-599A-84E9-8B4C-1610D147B4A3}.Release|Any CPU.Build.0 = Release|Any CPU
		{DB3DA7D2-B1B5-7D5B-5FA1-A50893E4663A}.Debug|Any CPU.ActiveCfg = Debug|Any CPU
		{DB3DA7D2-B1B5-7D5B-5FA1-A50893E4663A}.Debug|Any CPU.Build.0 = Debug|Any CPU
		{DB3DA7D2-B1B5-7D5B-5FA1-A50893E4663A}.Release|Any CPU.ActiveCfg = Release|Any CPU
		{DB3DA7D2-B1B5-7D5B-5FA1-A50893E4663A}.Release|Any CPU.Build.0 = Release|Any CPU
	EndGlobalSection
	GlobalSection(SolutionProperties) = preSolution
		HideSolutionNode = FALSE
	EndGlobalSection
EndGlobal
